
Microsoft Visual Studio Solution File, Format Version 11.00
# Visual Studio 2010
Project("{FAE04EC0-301F-11D3-BF4B-00C04F79EFBC}") = "CollisionBuddy.Windows", "CollisionBuddy.Windows.csproj", "{E032CF52-88BC-4D76-8E93-3798F5EE5CD2}"
EndProject
Global
	GlobalSection(SolutionConfigurationPlatforms) = preSolution
		Debug|x86 = Debug|x86
		Release|x86 = Release|x86
	EndGlobalSection
	GlobalSection(ProjectConfigurationPlatforms) = postSolution
		{E032CF52-88BC-4D76-8E93-3798F5EE5CD2}.Debug|x86.ActiveCfg = Debug|x86
		{E032CF52-88BC-4D76-8E93-3798F5EE5CD2}.Debug|x86.Build.0 = Debug|x86
		{E032CF52-88BC-4D76-8E93-3798F5EE5CD2}.Release|x86.ActiveCfg = Release|x86
		{E032CF52-88BC-4D76-8E93-3798F5EE5CD2}.Release|x86.Build.0 = Release|x86
	EndGlobalSection
	GlobalSection(MonoDevelopProperties) = preSolution
		StartupItem = CollisionBuddy.Windows.csproj
	EndGlobalSection
EndGlobal
