
Microsoft Visual Studio Solution File, Format Version 12.00
# Visual Studio Version 17
VisualStudioVersion = 17.3.32901.215
MinimumVisualStudioVersion = 10.0.40219.1
Project("{D954291E-2A0B-460D-934E-DC6B0785DB48}") = "CollisionBuddyCircleCircleTest.SharedProject", "CollisionBuddyCircleCircleTest.SharedProject\CollisionBuddyCircleCircleTest.SharedProject.shproj", "{673CD6BC-E49F-42D3-9BEF-8B66C6DF74BE}"
EndProject
Project("{FAE04EC0-301F-11D3-BF4B-00C04F79EFBC}") = "CollisionBuddyCircleCircleTest.Android", "CollisionBuddyCircleCircleTest.Android\CollisionBuddyCircleCircleTest.Android.csproj", "{55A0626E-1435-445A-9C3B-F432272CACF3}"
EndProject
Project("{FAE04EC0-301F-11D3-BF4B-00C04F79EFBC}") = "CollisionBuddyCircleCircleTest.iOS", "CollisionBuddyCircleCircleTest.iOS\CollisionBuddyCircleCircleTest.iOS.csproj", "{E1CCAE26-4A79-4150-9951-EB1DDD530C7B}"
EndProject
Project("{FAE04EC0-301F-11D3-BF4B-00C04F79EFBC}") = "CollisionBuddyCircleCircleTest.DesktopGL", "CollisionBuddyCircleCircleTest.DesktopGL\CollisionBuddyCircleCircleTest.DesktopGL.csproj", "{17694928-B72F-4FD1-A84F-551415529FAD}"
EndProject
Global
	GlobalSection(SolutionConfigurationPlatforms) = preSolution
		Ad-Hoc|Any CPU = Ad-Hoc|Any CPU
		Ad-Hoc|ARM = Ad-Hoc|ARM
		Ad-Hoc|iPhone = Ad-Hoc|iPhone
		Ad-Hoc|iPhoneSimulator = Ad-Hoc|iPhoneSimulator
		Ad-Hoc|x64 = Ad-Hoc|x64
		Ad-Hoc|x86 = Ad-Hoc|x86
		AppStore|Any CPU = AppStore|Any CPU
		AppStore|ARM = AppStore|ARM
		AppStore|iPhone = AppStore|iPhone
		AppStore|iPhoneSimulator = AppStore|iPhoneSimulator
		AppStore|x64 = AppStore|x64
		AppStore|x86 = AppStore|x86
		Debug|Any CPU = Debug|Any CPU
		Debug|ARM = Debug|ARM
		Debug|iPhone = Debug|iPhone
		Debug|iPhoneSimulator = Debug|iPhoneSimulator
		Debug|x64 = Debug|x64
		Debug|x86 = Debug|x86
		Release|Any CPU = Release|Any CPU
		Release|ARM = Release|ARM
		Release|iPhone = Release|iPhone
		Release|iPhoneSimulator = Release|iPhoneSimulator
		Release|x64 = Release|x64
		Release|x86 = Release|x86
	EndGlobalSection
	GlobalSection(ProjectConfigurationPlatforms) = postSolution
		{55A0626E-1435-445A-9C3B-F432272CACF3}.Ad-Hoc|Any CPU.ActiveCfg = Release|Any CPU
		{55A0626E-1435-445A-9C3B-F432272CACF3}.Ad-Hoc|Any CPU.Build.0 = Release|Any CPU
		{55A0626E-1435-445A-9C3B-F432272CACF3}.Ad-Hoc|Any CPU.Deploy.0 = Release|Any CPU
		{55A0626E-1435-445A-9C3B-F432272CACF3}.Ad-Hoc|ARM.ActiveCfg = Release|Any CPU
		{55A0626E-1435-445A-9C3B-F432272CACF3}.Ad-Hoc|ARM.Build.0 = Release|Any CPU
		{55A0626E-1435-445A-9C3B-F432272CACF3}.Ad-Hoc|ARM.Deploy.0 = Release|Any CPU
		{55A0626E-1435-445A-9C3B-F432272CACF3}.Ad-Hoc|iPhone.ActiveCfg = Release|Any CPU
		{55A0626E-1435-445A-9C3B-F432272CACF3}.Ad-Hoc|iPhone.Build.0 = Release|Any CPU
		{55A0626E-1435-445A-9C3B-F432272CACF3}.Ad-Hoc|iPhone.Deploy.0 = Release|Any CPU
		{55A0626E-1435-445A-9C3B-F432272CACF3}.Ad-Hoc|iPhoneSimulator.ActiveCfg = Release|Any CPU
		{55A0626E-1435-445A-9C3B-F432272CACF3}.Ad-Hoc|iPhoneSimulator.Build.0 = Release|Any CPU
		{55A0626E-1435-445A-9C3B-F432272CACF3}.Ad-Hoc|iPhoneSimulator.Deploy.0 = Release|Any CPU
		{55A0626E-1435-445A-9C3B-F432272CACF3}.Ad-Hoc|x64.ActiveCfg = Release|Any CPU
		{55A0626E-1435-445A-9C3B-F432272CACF3}.Ad-Hoc|x64.Build.0 = Release|Any CPU
		{55A0626E-1435-445A-9C3B-F432272CACF3}.Ad-Hoc|x64.Deploy.0 = Release|Any CPU
		{55A0626E-1435-445A-9C3B-F432272CACF3}.Ad-Hoc|x86.ActiveCfg = Release|Any CPU
		{55A0626E-1435-445A-9C3B-F432272CACF3}.Ad-Hoc|x86.Build.0 = Release|Any CPU
		{55A0626E-1435-445A-9C3B-F432272CACF3}.Ad-Hoc|x86.Deploy.0 = Release|Any CPU
		{55A0626E-1435-445A-9C3B-F432272CACF3}.AppStore|Any CPU.ActiveCfg = Release|Any CPU
		{55A0626E-1435-445A-9C3B-F432272CACF3}.AppStore|Any CPU.Build.0 = Release|Any CPU
		{55A0626E-1435-445A-9C3B-F432272CACF3}.AppStore|Any CPU.Deploy.0 = Release|Any CPU
		{55A0626E-1435-445A-9C3B-F432272CACF3}.AppStore|ARM.ActiveCfg = Release|Any CPU
		{55A0626E-1435-445A-9C3B-F432272CACF3}.AppStore|ARM.Build.0 = Release|Any CPU
		{55A0626E-1435-445A-9C3B-F432272CACF3}.AppStore|ARM.Deploy.0 = Release|Any CPU
		{55A0626E-1435-445A-9C3B-F432272CACF3}.AppStore|iPhone.ActiveCfg = Release|Any CPU
		{55A0626E-1435-445A-9C3B-F432272CACF3}.AppStore|iPhone.Build.0 = Release|Any CPU
		{55A0626E-1435-445A-9C3B-F432272CACF3}.AppStore|iPhone.Deploy.0 = Release|Any CPU
		{55A0626E-1435-445A-9C3B-F432272CACF3}.AppStore|iPhoneSimulator.ActiveCfg = Release|Any CPU
		{55A0626E-1435-445A-9C3B-F432272CACF3}.AppStore|iPhoneSimulator.Build.0 = Release|Any CPU
		{55A0626E-1435-445A-9C3B-F432272CACF3}.AppStore|iPhoneSimulator.Deploy.0 = Release|Any CPU
		{55A0626E-1435-445A-9C3B-F432272CACF3}.AppStore|x64.ActiveCfg = Release|Any CPU
		{55A0626E-1435-445A-9C3B-F432272CACF3}.AppStore|x64.Build.0 = Release|Any CPU
		{55A0626E-1435-445A-9C3B-F432272CACF3}.AppStore|x64.Deploy.0 = Release|Any CPU
		{55A0626E-1435-445A-9C3B-F432272CACF3}.AppStore|x86.ActiveCfg = Release|Any CPU
		{55A0626E-1435-445A-9C3B-F432272CACF3}.AppStore|x86.Build.0 = Release|Any CPU
		{55A0626E-1435-445A-9C3B-F432272CACF3}.AppStore|x86.Deploy.0 = Release|Any CPU
		{55A0626E-1435-445A-9C3B-F432272CACF3}.Debug|Any CPU.ActiveCfg = Debug|Any CPU
		{55A0626E-1435-445A-9C3B-F432272CACF3}.Debug|Any CPU.Build.0 = Debug|Any CPU
		{55A0626E-1435-445A-9C3B-F432272CACF3}.Debug|Any CPU.Deploy.0 = Debug|Any CPU
		{55A0626E-1435-445A-9C3B-F432272CACF3}.Debug|ARM.ActiveCfg = Debug|Any CPU
		{55A0626E-1435-445A-9C3B-F432272CACF3}.Debug|ARM.Build.0 = Debug|Any CPU
		{55A0626E-1435-445A-9C3B-F432272CACF3}.Debug|ARM.Deploy.0 = Debug|Any CPU
		{55A0626E-1435-445A-9C3B-F432272CACF3}.Debug|iPhone.ActiveCfg = Debug|Any CPU
		{55A0626E-1435-445A-9C3B-F432272CACF3}.Debug|iPhone.Build.0 = Debug|Any CPU
		{55A0626E-1435-445A-9C3B-F432272CACF3}.Debug|iPhone.Deploy.0 = Debug|Any CPU
		{55A0626E-1435-445A-9C3B-F432272CACF3}.Debug|iPhoneSimulator.ActiveCfg = Debug|Any CPU
		{55A0626E-1435-445A-9C3B-F432272CACF3}.Debug|iPhoneSimulator.Build.0 = Debug|Any CPU
		{55A0626E-1435-445A-9C3B-F432272CACF3}.Debug|iPhoneSimulator.Deploy.0 = Debug|Any CPU
		{55A0626E-1435-445A-9C3B-F432272CACF3}.Debug|x64.ActiveCfg = Debug|Any CPU
		{55A0626E-1435-445A-9C3B-F432272CACF3}.Debug|x64.Build.0 = Debug|Any CPU
		{55A0626E-1435-445A-9C3B-F432272CACF3}.Debug|x64.Deploy.0 = Debug|Any CPU
		{55A0626E-1435-445A-9C3B-F432272CACF3}.Debug|x86.ActiveCfg = Debug|Any CPU
		{55A0626E-1435-445A-9C3B-F432272CACF3}.Debug|x86.Build.0 = Debug|Any CPU
		{55A0626E-1435-445A-9C3B-F432272CACF3}.Debug|x86.Deploy.0 = Debug|Any CPU
		{55A0626E-1435-445A-9C3B-F432272CACF3}.Release|Any CPU.ActiveCfg = Release|Any CPU
		{55A0626E-1435-445A-9C3B-F432272CACF3}.Release|Any CPU.Build.0 = Release|Any CPU
		{55A0626E-1435-445A-9C3B-F432272CACF3}.Release|Any CPU.Deploy.0 = Release|Any CPU
		{55A0626E-1435-445A-9C3B-F432272CACF3}.Release|ARM.ActiveCfg = Release|Any CPU
		{55A0626E-1435-445A-9C3B-F432272CACF3}.Release|ARM.Build.0 = Release|Any CPU
		{55A0626E-1435-445A-9C3B-F432272CACF3}.Release|ARM.Deploy.0 = Release|Any CPU
		{55A0626E-1435-445A-9C3B-F432272CACF3}.Release|iPhone.ActiveCfg = Release|Any CPU
		{55A0626E-1435-445A-9C3B-F432272CACF3}.Release|iPhone.Build.0 = Release|Any CPU
		{55A0626E-1435-445A-9C3B-F432272CACF3}.Release|iPhone.Deploy.0 = Release|Any CPU
		{55A0626E-1435-445A-9C3B-F432272CACF3}.Release|iPhoneSimulator.ActiveCfg = Release|Any CPU
		{55A0626E-1435-445A-9C3B-F432272CACF3}.Release|iPhoneSimulator.Build.0 = Release|Any CPU
		{55A0626E-1435-445A-9C3B-F432272CACF3}.Release|iPhoneSimulator.Deploy.0 = Release|Any CPU
		{55A0626E-1435-445A-9C3B-F432272CACF3}.Release|x64.ActiveCfg = Release|Any CPU
		{55A0626E-1435-445A-9C3B-F432272CACF3}.Release|x64.Build.0 = Release|Any CPU
		{55A0626E-1435-445A-9C3B-F432272CACF3}.Release|x64.Deploy.0 = Release|Any CPU
		{55A0626E-1435-445A-9C3B-F432272CACF3}.Release|x86.ActiveCfg = Release|Any CPU
		{55A0626E-1435-445A-9C3B-F432272CACF3}.Release|x86.Build.0 = Release|Any CPU
		{55A0626E-1435-445A-9C3B-F432272CACF3}.Release|x86.Deploy.0 = Release|Any CPU
		{E1CCAE26-4A79-4150-9951-EB1DDD530C7B}.Ad-Hoc|Any CPU.ActiveCfg = Ad-Hoc|iPhone
		{E1CCAE26-4A79-4150-9951-EB1DDD530C7B}.Ad-Hoc|ARM.ActiveCfg = Ad-Hoc|iPhone
		{E1CCAE26-4A79-4150-9951-EB1DDD530C7B}.Ad-Hoc|iPhone.ActiveCfg = Ad-Hoc|iPhone
		{E1CCAE26-4A79-4150-9951-EB1DDD530C7B}.Ad-Hoc|iPhone.Build.0 = Ad-Hoc|iPhone
		{E1CCAE26-4A79-4150-9951-EB1DDD530C7B}.Ad-Hoc|iPhoneSimulator.ActiveCfg = Ad-Hoc|iPhoneSimulator
		{E1CCAE26-4A79-4150-9951-EB1DDD530C7B}.Ad-Hoc|iPhoneSimulator.Build.0 = Ad-Hoc|iPhoneSimulator
		{E1CCAE26-4A79-4150-9951-EB1DDD530C7B}.Ad-Hoc|x64.ActiveCfg = Ad-Hoc|iPhone
		{E1CCAE26-4A79-4150-9951-EB1DDD530C7B}.Ad-Hoc|x86.ActiveCfg = Ad-Hoc|iPhone
		{E1CCAE26-4A79-4150-9951-EB1DDD530C7B}.AppStore|Any CPU.ActiveCfg = AppStore|iPhone
		{E1CCAE26-4A79-4150-9951-EB1DDD530C7B}.AppStore|ARM.ActiveCfg = AppStore|iPhone
		{E1CCAE26-4A79-4150-9951-EB1DDD530C7B}.AppStore|iPhone.ActiveCfg = AppStore|iPhone
		{E1CCAE26-4A79-4150-9951-EB1DDD530C7B}.AppStore|iPhone.Build.0 = AppStore|iPhone
		{E1CCAE26-4A79-4150-9951-EB1DDD530C7B}.AppStore|iPhoneSimulator.ActiveCfg = AppStore|iPhoneSimulator
		{E1CCAE26-4A79-4150-9951-EB1DDD530C7B}.AppStore|iPhoneSimulator.Build.0 = AppStore|iPhoneSimulator
		{E1CCAE26-4A79-4150-9951-EB1DDD530C7B}.AppStore|x64.ActiveCfg = AppStore|iPhone
		{E1CCAE26-4A79-4150-9951-EB1DDD530C7B}.AppStore|x86.ActiveCfg = AppStore|iPhone
		{E1CCAE26-4A79-4150-9951-EB1DDD530C7B}.Debug|Any CPU.ActiveCfg = Debug|iPhoneSimulator
		{E1CCAE26-4A79-4150-9951-EB1DDD530C7B}.Debug|Any CPU.Build.0 = Debug|iPhoneSimulator
		{E1CCAE26-4A79-4150-9951-EB1DDD530C7B}.Debug|ARM.ActiveCfg = Debug|iPhone
		{E1CCAE26-4A79-4150-9951-EB1DDD530C7B}.Debug|iPhone.ActiveCfg = Debug|iPhone
		{E1CCAE26-4A79-4150-9951-EB1DDD530C7B}.Debug|iPhone.Build.0 = Debug|iPhone
		{E1CCAE26-4A79-4150-9951-EB1DDD530C7B}.Debug|iPhoneSimulator.ActiveCfg = Debug|iPhoneSimulator
		{E1CCAE26-4A79-4150-9951-EB1DDD530C7B}.Debug|iPhoneSimulator.Build.0 = Debug|iPhoneSimulator
		{E1CCAE26-4A79-4150-9951-EB1DDD530C7B}.Debug|x64.ActiveCfg = Debug|iPhone
		{E1CCAE26-4A79-4150-9951-EB1DDD530C7B}.Debug|x86.ActiveCfg = Debug|iPhone
		{E1CCAE26-4A79-4150-9951-EB1DDD530C7B}.Release|Any CPU.ActiveCfg = Release|iPhone
		{E1CCAE26-4A79-4150-9951-EB1DDD530C7B}.Release|ARM.ActiveCfg = Release|iPhone
		{E1CCAE26-4A79-4150-9951-EB1DDD530C7B}.Release|iPhone.ActiveCfg = Release|iPhone
		{E1CCAE26-4A79-4150-9951-EB1DDD530C7B}.Release|iPhone.Build.0 = Release|iPhone
		{E1CCAE26-4A79-4150-9951-EB1DDD530C7B}.Release|iPhoneSimulator.ActiveCfg = Release|iPhoneSimulator
		{E1CCAE26-4A79-4150-9951-EB1DDD530C7B}.Release|iPhoneSimulator.Build.0 = Release|iPhoneSimulator
		{E1CCAE26-4A79-4150-9951-EB1DDD530C7B}.Release|x64.ActiveCfg = Release|iPhone
		{E1CCAE26-4A79-4150-9951-EB1DDD530C7B}.Release|x86.ActiveCfg = Release|iPhone
		{17694928-B72F-4FD1-A84F-551415529FAD}.Ad-Hoc|Any CPU.ActiveCfg = Release|x86
		{17694928-B72F-4FD1-A84F-551415529FAD}.Ad-Hoc|Any CPU.Build.0 = Release|x86
		{17694928-B72F-4FD1-A84F-551415529FAD}.Ad-Hoc|ARM.ActiveCfg = Release|x86
		{17694928-B72F-4FD1-A84F-551415529FAD}.Ad-Hoc|ARM.Build.0 = Release|x86
		{17694928-B72F-4FD1-A84F-551415529FAD}.Ad-Hoc|iPhone.ActiveCfg = Release|x86
		{17694928-B72F-4FD1-A84F-551415529FAD}.Ad-Hoc|iPhone.Build.0 = Release|x86
		{17694928-B72F-4FD1-A84F-551415529FAD}.Ad-Hoc|iPhoneSimulator.ActiveCfg = Release|x86
		{17694928-B72F-4FD1-A84F-551415529FAD}.Ad-Hoc|iPhoneSimulator.Build.0 = Release|x86
		{17694928-B72F-4FD1-A84F-551415529FAD}.Ad-Hoc|x64.ActiveCfg = Release|x86
		{17694928-B72F-4FD1-A84F-551415529FAD}.Ad-Hoc|x64.Build.0 = Release|x86
		{17694928-B72F-4FD1-A84F-551415529FAD}.Ad-Hoc|x86.ActiveCfg = Release|x86
		{17694928-B72F-4FD1-A84F-551415529FAD}.Ad-Hoc|x86.Build.0 = Release|x86
		{17694928-B72F-4FD1-A84F-551415529FAD}.AppStore|Any CPU.ActiveCfg = Release|x86
		{17694928-B72F-4FD1-A84F-551415529FAD}.AppStore|Any CPU.Build.0 = Release|x86
		{17694928-B72F-4FD1-A84F-551415529FAD}.AppStore|ARM.ActiveCfg = Release|x86
		{17694928-B72F-4FD1-A84F-551415529FAD}.AppStore|ARM.Build.0 = Release|x86
		{17694928-B72F-4FD1-A84F-551415529FAD}.AppStore|iPhone.ActiveCfg = Release|x86
		{17694928-B72F-4FD1-A84F-551415529FAD}.AppStore|iPhone.Build.0 = Release|x86
		{17694928-B72F-4FD1-A84F-551415529FAD}.AppStore|iPhoneSimulator.ActiveCfg = Release|x86
		{17694928-B72F-4FD1-A84F-551415529FAD}.AppStore|iPhoneSimulator.Build.0 = Release|x86
		{17694928-B72F-4FD1-A84F-551415529FAD}.AppStore|x64.ActiveCfg = Release|x86
		{17694928-B72F-4FD1-A84F-551415529FAD}.AppStore|x64.Build.0 = Release|x86
		{17694928-B72F-4FD1-A84F-551415529FAD}.AppStore|x86.ActiveCfg = Release|x86
		{17694928-B72F-4FD1-A84F-551415529FAD}.AppStore|x86.Build.0 = Release|x86
		{17694928-B72F-4FD1-A84F-551415529FAD}.Debug|Any CPU.ActiveCfg = Debug|Any CPU
		{17694928-B72F-4FD1-A84F-551415529FAD}.Debug|Any CPU.Build.0 = Debug|Any CPU
		{17694928-B72F-4FD1-A84F-551415529FAD}.Debug|ARM.ActiveCfg = Debug|x86
		{17694928-B72F-4FD1-A84F-551415529FAD}.Debug|iPhone.ActiveCfg = Debug|x86
		{17694928-B72F-4FD1-A84F-551415529FAD}.Debug|iPhoneSimulator.ActiveCfg = Debug|x86
		{17694928-B72F-4FD1-A84F-551415529FAD}.Debug|x64.ActiveCfg = Debug|x86
		{17694928-B72F-4FD1-A84F-551415529FAD}.Debug|x86.ActiveCfg = Debug|x86
		{17694928-B72F-4FD1-A84F-551415529FAD}.Debug|x86.Build.0 = Debug|x86
		{17694928-B72F-4FD1-A84F-551415529FAD}.Release|Any CPU.ActiveCfg = Release|x86
		{17694928-B72F-4FD1-A84F-551415529FAD}.Release|ARM.ActiveCfg = Release|x86
		{17694928-B72F-4FD1-A84F-551415529FAD}.Release|iPhone.ActiveCfg = Release|x86
		{17694928-B72F-4FD1-A84F-551415529FAD}.Release|iPhoneSimulator.ActiveCfg = Release|x86
		{17694928-B72F-4FD1-A84F-551415529FAD}.Release|x64.ActiveCfg = Release|x86
		{17694928-B72F-4FD1-A84F-551415529FAD}.Release|x86.ActiveCfg = Release|x86
		{17694928-B72F-4FD1-A84F-551415529FAD}.Release|x86.Build.0 = Release|x86
	EndGlobalSection
	GlobalSection(SolutionProperties) = preSolution
		HideSolutionNode = FALSE
	EndGlobalSection
	GlobalSection(ExtensibilityGlobals) = postSolution
		SolutionGuid = {D63295B6-299D-4100-90FE-A138888D74C4}
	EndGlobalSection
	GlobalSection(SharedMSBuildProjectFiles) = preSolution
		CollisionBuddyCircleCircleTest.SharedProject\CollisionBuddyCircleCircleTest.SharedProject.projitems*{17694928-b72f-4fd1-a84f-551415529fad}*SharedItemsImports = 4
		CollisionBuddyCircleCircleTest.SharedProject\CollisionBuddyCircleCircleTest.SharedProject.projitems*{55a0626e-1435-445a-9c3b-f432272cacf3}*SharedItemsImports = 4
		CollisionBuddyCircleCircleTest.SharedProject\CollisionBuddyCircleCircleTest.SharedProject.projitems*{673cd6bc-e49f-42d3-9bef-8b66c6df74be}*SharedItemsImports = 13
		CollisionBuddyCircleCircleTest.SharedProject\CollisionBuddyCircleCircleTest.SharedProject.projitems*{e1ccae26-4a79-4150-9951-eb1ddd530c7b}*SharedItemsImports = 4
	EndGlobalSection
EndGlobal
