
Microsoft Visual Studio Solution File, Format Version 12.00
# Visual Studio Version 16
VisualStudioVersion = 16.0.30406.217
MinimumVisualStudioVersion = 10.0.40219.1
Project("{FAE04EC0-301F-11D3-BF4B-00C04F79EFBC}") = "CollisionBuddySample.DesktopGL", "CollisionBuddySample.DesktopGL\CollisionBuddySample.DesktopGL.csproj", "{EDD1A4BB-2CFF-4F63-B7A8-4538F24C3929}"
EndProject
Project("{FAE04EC0-301F-11D3-BF4B-00C04F79EFBC}") = "CollisionBuddySample.Android", "CollisionBuddySample.Android\CollisionBuddySample.Android.csproj", "{97BB67A4-6CA0-43C6-BFC4-19E13BAC72E4}"
EndProject
Project("{FAE04EC0-301F-11D3-BF4B-00C04F79EFBC}") = "CollisionBuddySample.iOS", "CollisionBuddySample.iOS\CollisionBuddySample.iOS.csproj", "{C78FA9EF-8EB3-48CC-AEDA-93919BBC26F0}"
EndProject
Project("{D954291E-2A0B-460D-934E-DC6B0785DB48}") = "CollisionBuddySample.SharedProject", "CollisionBuddySample.SharedProject\CollisionBuddySample.SharedProject.shproj", "{2925287E-ADFD-4F8F-A4E2-E4D99AB5CB81}"
EndProject
Global
	GlobalSection(SharedMSBuildProjectFiles) = preSolution
		CollisionBuddySample.SharedProject\CollisionBuddySample.SharedProject.projitems*{2925287e-adfd-4f8f-a4e2-e4d99ab5cb81}*SharedItemsImports = 13
		CollisionBuddySample.SharedProject\CollisionBuddySample.SharedProject.projitems*{97bb67a4-6ca0-43c6-bfc4-19e13bac72e4}*SharedItemsImports = 4
		CollisionBuddySample.SharedProject\CollisionBuddySample.SharedProject.projitems*{c78fa9ef-8eb3-48cc-aeda-93919bbc26f0}*SharedItemsImports = 4
		CollisionBuddySample.SharedProject\CollisionBuddySample.SharedProject.projitems*{edd1a4bb-2cff-4f63-b7a8-4538f24c3929}*SharedItemsImports = 4
	EndGlobalSection
	GlobalSection(SolutionConfigurationPlatforms) = preSolution
		Ad-Hoc|Any CPU = Ad-Hoc|Any CPU
		Ad-Hoc|ARM = Ad-Hoc|ARM
		Ad-Hoc|iPhone = Ad-Hoc|iPhone
		Ad-Hoc|iPhoneSimulator = Ad-Hoc|iPhoneSimulator
		Ad-Hoc|x64 = Ad-Hoc|x64
		Ad-Hoc|x86 = Ad-Hoc|x86
		AppStore|Any CPU = AppStore|Any CPU
		AppStore|ARM = AppStore|ARM
		AppStore|iPhone = AppStore|iPhone
		AppStore|iPhoneSimulator = AppStore|iPhoneSimulator
		AppStore|x64 = AppStore|x64
		AppStore|x86 = AppStore|x86
		Debug|Any CPU = Debug|Any CPU
		Debug|ARM = Debug|ARM
		Debug|iPhone = Debug|iPhone
		Debug|iPhoneSimulator = Debug|iPhoneSimulator
		Debug|x64 = Debug|x64
		Debug|x86 = Debug|x86
		Release|Any CPU = Release|Any CPU
		Release|ARM = Release|ARM
		Release|iPhone = Release|iPhone
		Release|iPhoneSimulator = Release|iPhoneSimulator
		Release|x64 = Release|x64
		Release|x86 = Release|x86
	EndGlobalSection
	GlobalSection(ProjectConfigurationPlatforms) = postSolution
		{EDD1A4BB-2CFF-4F63-B7A8-4538F24C3929}.Ad-Hoc|Any CPU.ActiveCfg = Release|x86
		{EDD1A4BB-2CFF-4F63-B7A8-4538F24C3929}.Ad-Hoc|Any CPU.Build.0 = Release|x86
		{EDD1A4BB-2CFF-4F63-B7A8-4538F24C3929}.Ad-Hoc|ARM.ActiveCfg = Release|x86
		{EDD1A4BB-2CFF-4F63-B7A8-4538F24C3929}.Ad-Hoc|ARM.Build.0 = Release|x86
		{EDD1A4BB-2CFF-4F63-B7A8-4538F24C3929}.Ad-Hoc|iPhone.ActiveCfg = Release|x86
		{EDD1A4BB-2CFF-4F63-B7A8-4538F24C3929}.Ad-Hoc|iPhone.Build.0 = Release|x86
		{EDD1A4BB-2CFF-4F63-B7A8-4538F24C3929}.Ad-Hoc|iPhoneSimulator.ActiveCfg = Release|x86
		{EDD1A4BB-2CFF-4F63-B7A8-4538F24C3929}.Ad-Hoc|iPhoneSimulator.Build.0 = Release|x86
		{EDD1A4BB-2CFF-4F63-B7A8-4538F24C3929}.Ad-Hoc|x64.ActiveCfg = Release|x86
		{EDD1A4BB-2CFF-4F63-B7A8-4538F24C3929}.Ad-Hoc|x64.Build.0 = Release|x86
		{EDD1A4BB-2CFF-4F63-B7A8-4538F24C3929}.Ad-Hoc|x86.ActiveCfg = Release|x86
		{EDD1A4BB-2CFF-4F63-B7A8-4538F24C3929}.Ad-Hoc|x86.Build.0 = Release|x86
		{EDD1A4BB-2CFF-4F63-B7A8-4538F24C3929}.AppStore|Any CPU.ActiveCfg = Release|x86
		{EDD1A4BB-2CFF-4F63-B7A8-4538F24C3929}.AppStore|Any CPU.Build.0 = Release|x86
		{EDD1A4BB-2CFF-4F63-B7A8-4538F24C3929}.AppStore|ARM.ActiveCfg = Release|x86
		{EDD1A4BB-2CFF-4F63-B7A8-4538F24C3929}.AppStore|ARM.Build.0 = Release|x86
		{EDD1A4BB-2CFF-4F63-B7A8-4538F24C3929}.AppStore|iPhone.ActiveCfg = Release|x86
		{EDD1A4BB-2CFF-4F63-B7A8-4538F24C3929}.AppStore|iPhone.Build.0 = Release|x86
		{EDD1A4BB-2CFF-4F63-B7A8-4538F24C3929}.AppStore|iPhoneSimulator.ActiveCfg = Release|x86
		{EDD1A4BB-2CFF-4F63-B7A8-4538F24C3929}.AppStore|iPhoneSimulator.Build.0 = Release|x86
		{EDD1A4BB-2CFF-4F63-B7A8-4538F24C3929}.AppStore|x64.ActiveCfg = Release|x86
		{EDD1A4BB-2CFF-4F63-B7A8-4538F24C3929}.AppStore|x64.Build.0 = Release|x86
		{EDD1A4BB-2CFF-4F63-B7A8-4538F24C3929}.AppStore|x86.ActiveCfg = Release|x86
		{EDD1A4BB-2CFF-4F63-B7A8-4538F24C3929}.AppStore|x86.Build.0 = Release|x86
		{EDD1A4BB-2CFF-4F63-B7A8-4538F24C3929}.Debug|Any CPU.ActiveCfg = Debug|x86
		{EDD1A4BB-2CFF-4F63-B7A8-4538F24C3929}.Debug|ARM.ActiveCfg = Debug|x86
		{EDD1A4BB-2CFF-4F63-B7A8-4538F24C3929}.Debug|iPhone.ActiveCfg = Debug|x86
		{EDD1A4BB-2CFF-4F63-B7A8-4538F24C3929}.Debug|iPhoneSimulator.ActiveCfg = Debug|x86
		{EDD1A4BB-2CFF-4F63-B7A8-4538F24C3929}.Debug|x64.ActiveCfg = Debug|x86
		{EDD1A4BB-2CFF-4F63-B7A8-4538F24C3929}.Debug|x86.ActiveCfg = Debug|x86
		{EDD1A4BB-2CFF-4F63-B7A8-4538F24C3929}.Debug|x86.Build.0 = Debug|x86
		{EDD1A4BB-2CFF-4F63-B7A8-4538F24C3929}.Release|Any CPU.ActiveCfg = Release|x86
		{EDD1A4BB-2CFF-4F63-B7A8-4538F24C3929}.Release|ARM.ActiveCfg = Release|x86
		{EDD1A4BB-2CFF-4F63-B7A8-4538F24C3929}.Release|iPhone.ActiveCfg = Release|x86
		{EDD1A4BB-2CFF-4F63-B7A8-4538F24C3929}.Release|iPhoneSimulator.ActiveCfg = Release|x86
		{EDD1A4BB-2CFF-4F63-B7A8-4538F24C3929}.Release|x64.ActiveCfg = Release|x86
		{EDD1A4BB-2CFF-4F63-B7A8-4538F24C3929}.Release|x86.ActiveCfg = Release|x86
		{EDD1A4BB-2CFF-4F63-B7A8-4538F24C3929}.Release|x86.Build.0 = Release|x86
		{97BB67A4-6CA0-43C6-BFC4-19E13BAC72E4}.Ad-Hoc|Any CPU.ActiveCfg = Release|Any CPU
		{97BB67A4-6CA0-43C6-BFC4-19E13BAC72E4}.Ad-Hoc|Any CPU.Build.0 = Release|Any CPU
		{97BB67A4-6CA0-43C6-BFC4-19E13BAC72E4}.Ad-Hoc|Any CPU.Deploy.0 = Release|Any CPU
		{97BB67A4-6CA0-43C6-BFC4-19E13BAC72E4}.Ad-Hoc|ARM.ActiveCfg = Release|Any CPU
		{97BB67A4-6CA0-43C6-BFC4-19E13BAC72E4}.Ad-Hoc|ARM.Build.0 = Release|Any CPU
		{97BB67A4-6CA0-43C6-BFC4-19E13BAC72E4}.Ad-Hoc|ARM.Deploy.0 = Release|Any CPU
		{97BB67A4-6CA0-43C6-BFC4-19E13BAC72E4}.Ad-Hoc|iPhone.ActiveCfg = Release|Any CPU
		{97BB67A4-6CA0-43C6-BFC4-19E13BAC72E4}.Ad-Hoc|iPhone.Build.0 = Release|Any CPU
		{97BB67A4-6CA0-43C6-BFC4-19E13BAC72E4}.Ad-Hoc|iPhone.Deploy.0 = Release|Any CPU
		{97BB67A4-6CA0-43C6-BFC4-19E13BAC72E4}.Ad-Hoc|iPhoneSimulator.ActiveCfg = Release|Any CPU
		{97BB67A4-6CA0-43C6-BFC4-19E13BAC72E4}.Ad-Hoc|iPhoneSimulator.Build.0 = Release|Any CPU
		{97BB67A4-6CA0-43C6-BFC4-19E13BAC72E4}.Ad-Hoc|iPhoneSimulator.Deploy.0 = Release|Any CPU
		{97BB67A4-6CA0-43C6-BFC4-19E13BAC72E4}.Ad-Hoc|x64.ActiveCfg = Release|Any CPU
		{97BB67A4-6CA0-43C6-BFC4-19E13BAC72E4}.Ad-Hoc|x64.Build.0 = Release|Any CPU
		{97BB67A4-6CA0-43C6-BFC4-19E13BAC72E4}.Ad-Hoc|x64.Deploy.0 = Release|Any CPU
		{97BB67A4-6CA0-43C6-BFC4-19E13BAC72E4}.Ad-Hoc|x86.ActiveCfg = Release|Any CPU
		{97BB67A4-6CA0-43C6-BFC4-19E13BAC72E4}.Ad-Hoc|x86.Build.0 = Release|Any CPU
		{97BB67A4-6CA0-43C6-BFC4-19E13BAC72E4}.Ad-Hoc|x86.Deploy.0 = Release|Any CPU
		{97BB67A4-6CA0-43C6-BFC4-19E13BAC72E4}.AppStore|Any CPU.ActiveCfg = Release|Any CPU
		{97BB67A4-6CA0-43C6-BFC4-19E13BAC72E4}.AppStore|Any CPU.Build.0 = Release|Any CPU
		{97BB67A4-6CA0-43C6-BFC4-19E13BAC72E4}.AppStore|Any CPU.Deploy.0 = Release|Any CPU
		{97BB67A4-6CA0-43C6-BFC4-19E13BAC72E4}.AppStore|ARM.ActiveCfg = Release|Any CPU
		{97BB67A4-6CA0-43C6-BFC4-19E13BAC72E4}.AppStore|ARM.Build.0 = Release|Any CPU
		{97BB67A4-6CA0-43C6-BFC4-19E13BAC72E4}.AppStore|ARM.Deploy.0 = Release|Any CPU
		{97BB67A4-6CA0-43C6-BFC4-19E13BAC72E4}.AppStore|iPhone.ActiveCfg = Release|Any CPU
		{97BB67A4-6CA0-43C6-BFC4-19E13BAC72E4}.AppStore|iPhone.Build.0 = Release|Any CPU
		{97BB67A4-6CA0-43C6-BFC4-19E13BAC72E4}.AppStore|iPhone.Deploy.0 = Release|Any CPU
		{97BB67A4-6CA0-43C6-BFC4-19E13BAC72E4}.AppStore|iPhoneSimulator.ActiveCfg = Release|Any CPU
		{97BB67A4-6CA0-43C6-BFC4-19E13BAC72E4}.AppStore|iPhoneSimulator.Build.0 = Release|Any CPU
		{97BB67A4-6CA0-43C6-BFC4-19E13BAC72E4}.AppStore|iPhoneSimulator.Deploy.0 = Release|Any CPU
		{97BB67A4-6CA0-43C6-BFC4-19E13BAC72E4}.AppStore|x64.ActiveCfg = Release|Any CPU
		{97BB67A4-6CA0-43C6-BFC4-19E13BAC72E4}.AppStore|x64.Build.0 = Release|Any CPU
		{97BB67A4-6CA0-43C6-BFC4-19E13BAC72E4}.AppStore|x64.Deploy.0 = Release|Any CPU
		{97BB67A4-6CA0-43C6-BFC4-19E13BAC72E4}.AppStore|x86.ActiveCfg = Release|Any CPU
		{97BB67A4-6CA0-43C6-BFC4-19E13BAC72E4}.AppStore|x86.Build.0 = Release|Any CPU
		{97BB67A4-6CA0-43C6-BFC4-19E13BAC72E4}.AppStore|x86.Deploy.0 = Release|Any CPU
		{97BB67A4-6CA0-43C6-BFC4-19E13BAC72E4}.Debug|Any CPU.ActiveCfg = Debug|Any CPU
		{97BB67A4-6CA0-43C6-BFC4-19E13BAC72E4}.Debug|Any CPU.Build.0 = Debug|Any CPU
		{97BB67A4-6CA0-43C6-BFC4-19E13BAC72E4}.Debug|Any CPU.Deploy.0 = Debug|Any CPU
		{97BB67A4-6CA0-43C6-BFC4-19E13BAC72E4}.Debug|ARM.ActiveCfg = Debug|Any CPU
		{97BB67A4-6CA0-43C6-BFC4-19E13BAC72E4}.Debug|ARM.Build.0 = Debug|Any CPU
		{97BB67A4-6CA0-43C6-BFC4-19E13BAC72E4}.Debug|ARM.Deploy.0 = Debug|Any CPU
		{97BB67A4-6CA0-43C6-BFC4-19E13BAC72E4}.Debug|iPhone.ActiveCfg = Debug|Any CPU
		{97BB67A4-6CA0-43C6-BFC4-19E13BAC72E4}.Debug|iPhone.Build.0 = Debug|Any CPU
		{97BB67A4-6CA0-43C6-BFC4-19E13BAC72E4}.Debug|iPhone.Deploy.0 = Debug|Any CPU
		{97BB67A4-6CA0-43C6-BFC4-19E13BAC72E4}.Debug|iPhoneSimulator.ActiveCfg = Debug|Any CPU
		{97BB67A4-6CA0-43C6-BFC4-19E13BAC72E4}.Debug|iPhoneSimulator.Build.0 = Debug|Any CPU
		{97BB67A4-6CA0-43C6-BFC4-19E13BAC72E4}.Debug|iPhoneSimulator.Deploy.0 = Debug|Any CPU
		{97BB67A4-6CA0-43C6-BFC4-19E13BAC72E4}.Debug|x64.ActiveCfg = Debug|Any CPU
		{97BB67A4-6CA0-43C6-BFC4-19E13BAC72E4}.Debug|x64.Build.0 = Debug|Any CPU
		{97BB67A4-6CA0-43C6-BFC4-19E13BAC72E4}.Debug|x64.Deploy.0 = Debug|Any CPU
		{97BB67A4-6CA0-43C6-BFC4-19E13BAC72E4}.Debug|x86.ActiveCfg = Debug|Any CPU
		{97BB67A4-6CA0-43C6-BFC4-19E13BAC72E4}.Debug|x86.Build.0 = Debug|Any CPU
		{97BB67A4-6CA0-43C6-BFC4-19E13BAC72E4}.Debug|x86.Deploy.0 = Debug|Any CPU
		{97BB67A4-6CA0-43C6-BFC4-19E13BAC72E4}.Release|Any CPU.ActiveCfg = Release|Any CPU
		{97BB67A4-6CA0-43C6-BFC4-19E13BAC72E4}.Release|Any CPU.Build.0 = Release|Any CPU
		{97BB67A4-6CA0-43C6-BFC4-19E13BAC72E4}.Release|Any CPU.Deploy.0 = Release|Any CPU
		{97BB67A4-6CA0-43C6-BFC4-19E13BAC72E4}.Release|ARM.ActiveCfg = Release|Any CPU
		{97BB67A4-6CA0-43C6-BFC4-19E13BAC72E4}.Release|ARM.Build.0 = Release|Any CPU
		{97BB67A4-6CA0-43C6-BFC4-19E13BAC72E4}.Release|ARM.Deploy.0 = Release|Any CPU
		{97BB67A4-6CA0-43C6-BFC4-19E13BAC72E4}.Release|iPhone.ActiveCfg = Release|Any CPU
		{97BB67A4-6CA0-43C6-BFC4-19E13BAC72E4}.Release|iPhone.Build.0 = Release|Any CPU
		{97BB67A4-6CA0-43C6-BFC4-19E13BAC72E4}.Release|iPhone.Deploy.0 = Release|Any CPU
		{97BB67A4-6CA0-43C6-BFC4-19E13BAC72E4}.Release|iPhoneSimulator.ActiveCfg = Release|Any CPU
		{97BB67A4-6CA0-43C6-BFC4-19E13BAC72E4}.Release|iPhoneSimulator.Build.0 = Release|Any CPU
		{97BB67A4-6CA0-43C6-BFC4-19E13BAC72E4}.Release|iPhoneSimulator.Deploy.0 = Release|Any CPU
		{97BB67A4-6CA0-43C6-BFC4-19E13BAC72E4}.Release|x64.ActiveCfg = Release|Any CPU
		{97BB67A4-6CA0-43C6-BFC4-19E13BAC72E4}.Release|x64.Build.0 = Release|Any CPU
		{97BB67A4-6CA0-43C6-BFC4-19E13BAC72E4}.Release|x64.Deploy.0 = Release|Any CPU
		{97BB67A4-6CA0-43C6-BFC4-19E13BAC72E4}.Release|x86.ActiveCfg = Release|Any CPU
		{97BB67A4-6CA0-43C6-BFC4-19E13BAC72E4}.Release|x86.Build.0 = Release|Any CPU
		{97BB67A4-6CA0-43C6-BFC4-19E13BAC72E4}.Release|x86.Deploy.0 = Release|Any CPU
		{C78FA9EF-8EB3-48CC-AEDA-93919BBC26F0}.Ad-Hoc|Any CPU.ActiveCfg = Ad-Hoc|iPhone
		{C78FA9EF-8EB3-48CC-AEDA-93919BBC26F0}.Ad-Hoc|ARM.ActiveCfg = Ad-Hoc|iPhone
		{C78FA9EF-8EB3-48CC-AEDA-93919BBC26F0}.Ad-Hoc|iPhone.ActiveCfg = Ad-Hoc|iPhone
		{C78FA9EF-8EB3-48CC-AEDA-93919BBC26F0}.Ad-Hoc|iPhone.Build.0 = Ad-Hoc|iPhone
		{C78FA9EF-8EB3-48CC-AEDA-93919BBC26F0}.Ad-Hoc|iPhoneSimulator.ActiveCfg = Ad-Hoc|iPhoneSimulator
		{C78FA9EF-8EB3-48CC-AEDA-93919BBC26F0}.Ad-Hoc|iPhoneSimulator.Build.0 = Ad-Hoc|iPhoneSimulator
		{C78FA9EF-8EB3-48CC-AEDA-93919BBC26F0}.Ad-Hoc|x64.ActiveCfg = Ad-Hoc|iPhone
		{C78FA9EF-8EB3-48CC-AEDA-93919BBC26F0}.Ad-Hoc|x86.ActiveCfg = Ad-Hoc|iPhone
		{C78FA9EF-8EB3-48CC-AEDA-93919BBC26F0}.AppStore|Any CPU.ActiveCfg = AppStore|iPhone
		{C78FA9EF-8EB3-48CC-AEDA-93919BBC26F0}.AppStore|ARM.ActiveCfg = AppStore|iPhone
		{C78FA9EF-8EB3-48CC-AEDA-93919BBC26F0}.AppStore|iPhone.ActiveCfg = AppStore|iPhone
		{C78FA9EF-8EB3-48CC-AEDA-93919BBC26F0}.AppStore|iPhone.Build.0 = AppStore|iPhone
		{C78FA9EF-8EB3-48CC-AEDA-93919BBC26F0}.AppStore|iPhoneSimulator.ActiveCfg = AppStore|iPhoneSimulator
		{C78FA9EF-8EB3-48CC-AEDA-93919BBC26F0}.AppStore|iPhoneSimulator.Build.0 = AppStore|iPhoneSimulator
		{C78FA9EF-8EB3-48CC-AEDA-93919BBC26F0}.AppStore|x64.ActiveCfg = AppStore|iPhone
		{C78FA9EF-8EB3-48CC-AEDA-93919BBC26F0}.AppStore|x86.ActiveCfg = AppStore|iPhone
		{C78FA9EF-8EB3-48CC-AEDA-93919BBC26F0}.Debug|Any CPU.ActiveCfg = Debug|iPhone
		{C78FA9EF-8EB3-48CC-AEDA-93919BBC26F0}.Debug|ARM.ActiveCfg = Debug|iPhone
		{C78FA9EF-8EB3-48CC-AEDA-93919BBC26F0}.Debug|iPhone.ActiveCfg = Debug|iPhone
		{C78FA9EF-8EB3-48CC-AEDA-93919BBC26F0}.Debug|iPhone.Build.0 = Debug|iPhone
		{C78FA9EF-8EB3-48CC-AEDA-93919BBC26F0}.Debug|iPhoneSimulator.ActiveCfg = Debug|iPhoneSimulator
		{C78FA9EF-8EB3-48CC-AEDA-93919BBC26F0}.Debug|iPhoneSimulator.Build.0 = Debug|iPhoneSimulator
		{C78FA9EF-8EB3-48CC-AEDA-93919BBC26F0}.Debug|x64.ActiveCfg = Debug|iPhone
		{C78FA9EF-8EB3-48CC-AEDA-93919BBC26F0}.Debug|x86.ActiveCfg = Debug|iPhone
		{C78FA9EF-8EB3-48CC-AEDA-93919BBC26F0}.Release|Any CPU.ActiveCfg = Release|iPhone
		{C78FA9EF-8EB3-48CC-AEDA-93919BBC26F0}.Release|ARM.ActiveCfg = Release|iPhone
		{C78FA9EF-8EB3-48CC-AEDA-93919BBC26F0}.Release|iPhone.ActiveCfg = Release|iPhone
		{C78FA9EF-8EB3-48CC-AEDA-93919BBC26F0}.Release|iPhone.Build.0 = Release|iPhone
		{C78FA9EF-8EB3-48CC-AEDA-93919BBC26F0}.Release|iPhoneSimulator.ActiveCfg = Release|iPhoneSimulator
		{C78FA9EF-8EB3-48CC-AEDA-93919BBC26F0}.Release|iPhoneSimulator.Build.0 = Release|iPhoneSimulator
		{C78FA9EF-8EB3-48CC-AEDA-93919BBC26F0}.Release|x64.ActiveCfg = Release|iPhone
		{C78FA9EF-8EB3-48CC-AEDA-93919BBC26F0}.Release|x86.ActiveCfg = Release|iPhone
	EndGlobalSection
	GlobalSection(SolutionProperties) = preSolution
		HideSolutionNode = FALSE
	EndGlobalSection
	GlobalSection(ExtensibilityGlobals) = postSolution
		SolutionGuid = {D5899C73-5C19-4797-98EC-22E614C13400}
	EndGlobalSection
	GlobalSection(MonoDevelopProperties) = preSolution
		StartupItem = CircleRectTest.csproj
	EndGlobalSection
EndGlobal
